
Microsoft Visual Studio Solution File, Format Version 12.00
# Visual Studio 14
VisualStudioVersion = 14.0.24720.0
MinimumVisualStudioVersion = 10.0.40219.1
Project("{FAE04EC0-301F-11D3-BF4B-00C04F79EFBC}") = "dotnet-runtime", "dotnet-runtime\dotnet-runtime.csproj", "{1639C88D-FA16-4A96-B566-9972C96DBE54}"
EndProject
Project("{2150E333-8FDC-42A3-9474-1A3956D46DE8}") = "Perspex", "Perspex", "{38FD2E23-DE51-41AB-8DD6-65995FBD1C9C}"
EndProject
Project("{2150E333-8FDC-42A3-9474-1A3956D46DE8}") = "Jint", "Jint", "{1B128494-237C-4F44-B49C-9D9F04A3F3B6}"
EndProject
Project("{FAE04EC0-301F-11D3-BF4B-00C04F79EFBC}") = "Jint", "..\jint\Jint\Jint.csproj", "{678738DA-F723-4920-B9E5-CAD667104BDA}"
EndProject
Project("{2150E333-8FDC-42A3-9474-1A3956D46DE8}") = "Solution Items", "Solution Items", "{6ED5142A-B9E1-4A1F-868A-03DF82ABA0C7}"
	ProjectSection(SolutionItems) = preProject
		README.md = README.md
	EndProjectSection
EndProject
Project("{2150E333-8FDC-42A3-9474-1A3956D46DE8}") = "NativeScript", "NativeScript", "{2C397BD3-B9E5-40E8-A4C2-DCE43957BF2E}"
EndProject
Project("{FAE04EC0-301F-11D3-BF4B-00C04F79EFBC}") = "wpf-runtime", "wpf-runtime\wpf-runtime.csproj", "{CF09614C-C865-40F2-98F3-AFC645FF7D83}"
EndProject
Project("{2150E333-8FDC-42A3-9474-1A3956D46DE8}") = "Chakra", "Chakra", "{DAAE179F-9A06-4B32-9926-CD96AEFACB60}"
EndProject
Project("{FAE04EC0-301F-11D3-BF4B-00C04F79EFBC}") = "chakra-runtime", "chakra-runtime\chakra-runtime.csproj", "{A012D1D5-8887-4E1C-88A8-D2208C180C87}"
EndProject
Project("{2150E333-8FDC-42A3-9474-1A3956D46DE8}") = "ClearScript", "ClearScript", "{06DB014B-B5B7-46E4-99EB-78C4A21F4E0D}"
EndProject
Project("{FAE04EC0-301F-11D3-BF4B-00C04F79EFBC}") = "clear-runtime", "clear-runtime\clear-runtime.csproj", "{9214AF59-4D72-4D54-AC18-692893D0AF17}"
EndProject
Project("{FAE04EC0-301F-11D3-BF4B-00C04F79EFBC}") = "ClearScript", "..\clearscript\ClearScript\ClearScript.csproj", "{D2382D2C-6576-4D96-B6CD-057C4F6BED96}"
EndProject
Project("{FAE04EC0-301F-11D3-BF4B-00C04F79EFBC}") = "jurassic-runtime", "jurassic-runtime\jurassic-runtime.csproj", "{AADF77A3-FC96-43C6-9BB7-FFA29FC57330}"
EndProject
Project("{2150E333-8FDC-42A3-9474-1A3956D46DE8}") = "Jurassic", "Jurassic", "{BE944184-4A3B-4D07-8915-8DA16A09E4DC}"
EndProject
Project("{FAE04EC0-301F-11D3-BF4B-00C04F79EFBC}") = "Jurassic", "..\..\Projects\jurassic-c7ee35be90e0\jurassic_c7ee35be90e0\Jurassic\Jurassic.csproj", "{2CE5502D-8710-4BE3-9D90-201D526904B3}"
EndProject
Project("{2150E333-8FDC-42A3-9474-1A3956D46DE8}") = "NiL.JS", "NiL.JS", "{87CA52C3-EF81-47D0-9175-7E312357EA4F}"
EndProject
Project("{FAE04EC0-301F-11D3-BF4B-00C04F79EFBC}") = "NiL.JS.Portable", "..\NiL.JS\NiL.JS.Portable\NiL.JS.Portable.csproj", "{DEB5F360-2822-4852-95A3-964E37C802AF}"
EndProject
Project("{FAE04EC0-301F-11D3-BF4B-00C04F79EFBC}") = "nil-runtime", "nil-runtime\nil-runtime.csproj", "{65A59747-0DA1-4BA6-AAC8-3C855478E053}"
EndProject
Project("{FAE04EC0-301F-11D3-BF4B-00C04F79EFBC}") = "ChakraCoreHost", "..\Chakra-Samples\ChakraCore Samples\JSRT Hosting Samples\C#\ChakraCoreHost\ChakraCoreHost.csproj", "{A5B03C42-2D25-4C3B-A8FD-22F4BC54966B}"
EndProject
Global
	GlobalSection(SolutionConfigurationPlatforms) = preSolution
		Android_Tests|Any CPU = Android_Tests|Any CPU
		Android_Tests|x64 = Android_Tests|x64
		Android_Tests|x86 = Android_Tests|x86
		Cross|Any CPU = Cross|Any CPU
		Cross|x64 = Cross|x64
		Cross|x86 = Cross|x86
		Cross-TS|Any CPU = Cross-TS|Any CPU
		Cross-TS|x64 = Cross-TS|x64
		Cross-TS|x86 = Cross-TS|x86
		Debug|Any CPU = Debug|Any CPU
		Debug|x64 = Debug|x64
		Debug|x86 = Debug|x86
		Documentation|Any CPU = Documentation|Any CPU
		Documentation|x64 = Documentation|x64
		Documentation|x86 = Documentation|x86
		iOS_Tests|Any CPU = iOS_Tests|Any CPU
		iOS_Tests|x64 = iOS_Tests|x64
		iOS_Tests|x86 = iOS_Tests|x86
		Release|Any CPU = Release|Any CPU
		Release|x64 = Release|x64
		Release|x86 = Release|x86
	EndGlobalSection
	GlobalSection(ProjectConfigurationPlatforms) = postSolution
		{1639C88D-FA16-4A96-B566-9972C96DBE54}.Android_Tests|Any CPU.ActiveCfg = Release|Any CPU
		{1639C88D-FA16-4A96-B566-9972C96DBE54}.Android_Tests|Any CPU.Build.0 = Release|Any CPU
		{1639C88D-FA16-4A96-B566-9972C96DBE54}.Android_Tests|x64.ActiveCfg = Debug|Any CPU
		{1639C88D-FA16-4A96-B566-9972C96DBE54}.Android_Tests|x64.Build.0 = Debug|Any CPU
		{1639C88D-FA16-4A96-B566-9972C96DBE54}.Android_Tests|x86.ActiveCfg = Debug|Any CPU
		{1639C88D-FA16-4A96-B566-9972C96DBE54}.Android_Tests|x86.Build.0 = Debug|Any CPU
		{1639C88D-FA16-4A96-B566-9972C96DBE54}.Cross|Any CPU.ActiveCfg = Release|Any CPU
		{1639C88D-FA16-4A96-B566-9972C96DBE54}.Cross|Any CPU.Build.0 = Release|Any CPU
		{1639C88D-FA16-4A96-B566-9972C96DBE54}.Cross|x64.ActiveCfg = Debug|Any CPU
		{1639C88D-FA16-4A96-B566-9972C96DBE54}.Cross|x64.Build.0 = Debug|Any CPU
		{1639C88D-FA16-4A96-B566-9972C96DBE54}.Cross|x86.ActiveCfg = Debug|Any CPU
		{1639C88D-FA16-4A96-B566-9972C96DBE54}.Cross|x86.Build.0 = Debug|Any CPU
		{1639C88D-FA16-4A96-B566-9972C96DBE54}.Cross-TS|Any CPU.ActiveCfg = Release|Any CPU
		{1639C88D-FA16-4A96-B566-9972C96DBE54}.Cross-TS|Any CPU.Build.0 = Release|Any CPU
		{1639C88D-FA16-4A96-B566-9972C96DBE54}.Cross-TS|x64.ActiveCfg = Debug|Any CPU
		{1639C88D-FA16-4A96-B566-9972C96DBE54}.Cross-TS|x64.Build.0 = Debug|Any CPU
		{1639C88D-FA16-4A96-B566-9972C96DBE54}.Cross-TS|x86.ActiveCfg = Debug|Any CPU
		{1639C88D-FA16-4A96-B566-9972C96DBE54}.Cross-TS|x86.Build.0 = Debug|Any CPU
		{1639C88D-FA16-4A96-B566-9972C96DBE54}.Debug|Any CPU.ActiveCfg = Debug|Any CPU
		{1639C88D-FA16-4A96-B566-9972C96DBE54}.Debug|Any CPU.Build.0 = Debug|Any CPU
		{1639C88D-FA16-4A96-B566-9972C96DBE54}.Debug|x64.ActiveCfg = Debug|Any CPU
		{1639C88D-FA16-4A96-B566-9972C96DBE54}.Debug|x64.Build.0 = Debug|Any CPU
		{1639C88D-FA16-4A96-B566-9972C96DBE54}.Debug|x86.ActiveCfg = Debug|Any CPU
		{1639C88D-FA16-4A96-B566-9972C96DBE54}.Debug|x86.Build.0 = Debug|Any CPU
		{1639C88D-FA16-4A96-B566-9972C96DBE54}.Documentation|Any CPU.ActiveCfg = Debug|Any CPU
		{1639C88D-FA16-4A96-B566-9972C96DBE54}.Documentation|Any CPU.Build.0 = Debug|Any CPU
		{1639C88D-FA16-4A96-B566-9972C96DBE54}.Documentation|x64.ActiveCfg = Debug|Any CPU
		{1639C88D-FA16-4A96-B566-9972C96DBE54}.Documentation|x64.Build.0 = Debug|Any CPU
		{1639C88D-FA16-4A96-B566-9972C96DBE54}.Documentation|x86.ActiveCfg = Debug|Any CPU
		{1639C88D-FA16-4A96-B566-9972C96DBE54}.Documentation|x86.Build.0 = Debug|Any CPU
		{1639C88D-FA16-4A96-B566-9972C96DBE54}.iOS_Tests|Any CPU.ActiveCfg = Release|Any CPU
		{1639C88D-FA16-4A96-B566-9972C96DBE54}.iOS_Tests|Any CPU.Build.0 = Release|Any CPU
		{1639C88D-FA16-4A96-B566-9972C96DBE54}.iOS_Tests|x64.ActiveCfg = Debug|Any CPU
		{1639C88D-FA16-4A96-B566-9972C96DBE54}.iOS_Tests|x64.Build.0 = Debug|Any CPU
		{1639C88D-FA16-4A96-B566-9972C96DBE54}.iOS_Tests|x86.ActiveCfg = Debug|Any CPU
		{1639C88D-FA16-4A96-B566-9972C96DBE54}.iOS_Tests|x86.Build.0 = Debug|Any CPU
		{1639C88D-FA16-4A96-B566-9972C96DBE54}.Release|Any CPU.ActiveCfg = Release|Any CPU
		{1639C88D-FA16-4A96-B566-9972C96DBE54}.Release|Any CPU.Build.0 = Release|Any CPU
		{1639C88D-FA16-4A96-B566-9972C96DBE54}.Release|x64.ActiveCfg = Release|Any CPU
		{1639C88D-FA16-4A96-B566-9972C96DBE54}.Release|x64.Build.0 = Release|Any CPU
		{1639C88D-FA16-4A96-B566-9972C96DBE54}.Release|x86.ActiveCfg = Release|Any CPU
		{1639C88D-FA16-4A96-B566-9972C96DBE54}.Release|x86.Build.0 = Release|Any CPU
		{678738DA-F723-4920-B9E5-CAD667104BDA}.Android_Tests|Any CPU.ActiveCfg = Release|Any CPU
		{678738DA-F723-4920-B9E5-CAD667104BDA}.Android_Tests|Any CPU.Build.0 = Release|Any CPU
		{678738DA-F723-4920-B9E5-CAD667104BDA}.Android_Tests|x64.ActiveCfg = Debug|Any CPU
		{678738DA-F723-4920-B9E5-CAD667104BDA}.Android_Tests|x64.Build.0 = Debug|Any CPU
		{678738DA-F723-4920-B9E5-CAD667104BDA}.Android_Tests|x86.ActiveCfg = Debug|Any CPU
		{678738DA-F723-4920-B9E5-CAD667104BDA}.Android_Tests|x86.Build.0 = Debug|Any CPU
		{678738DA-F723-4920-B9E5-CAD667104BDA}.Cross|Any CPU.ActiveCfg = Release|Any CPU
		{678738DA-F723-4920-B9E5-CAD667104BDA}.Cross|Any CPU.Build.0 = Release|Any CPU
		{678738DA-F723-4920-B9E5-CAD667104BDA}.Cross|x64.ActiveCfg = Debug|Any CPU
		{678738DA-F723-4920-B9E5-CAD667104BDA}.Cross|x64.Build.0 = Debug|Any CPU
		{678738DA-F723-4920-B9E5-CAD667104BDA}.Cross|x86.ActiveCfg = Debug|Any CPU
		{678738DA-F723-4920-B9E5-CAD667104BDA}.Cross|x86.Build.0 = Debug|Any CPU
		{678738DA-F723-4920-B9E5-CAD667104BDA}.Cross-TS|Any CPU.ActiveCfg = Release|Any CPU
		{678738DA-F723-4920-B9E5-CAD667104BDA}.Cross-TS|Any CPU.Build.0 = Release|Any CPU
		{678738DA-F723-4920-B9E5-CAD667104BDA}.Cross-TS|x64.ActiveCfg = Debug|Any CPU
		{678738DA-F723-4920-B9E5-CAD667104BDA}.Cross-TS|x64.Build.0 = Debug|Any CPU
		{678738DA-F723-4920-B9E5-CAD667104BDA}.Cross-TS|x86.ActiveCfg = Debug|Any CPU
		{678738DA-F723-4920-B9E5-CAD667104BDA}.Cross-TS|x86.Build.0 = Debug|Any CPU
		{678738DA-F723-4920-B9E5-CAD667104BDA}.Debug|Any CPU.ActiveCfg = Debug|Any CPU
		{678738DA-F723-4920-B9E5-CAD667104BDA}.Debug|Any CPU.Build.0 = Debug|Any CPU
		{678738DA-F723-4920-B9E5-CAD667104BDA}.Debug|x64.ActiveCfg = Debug|Any CPU
		{678738DA-F723-4920-B9E5-CAD667104BDA}.Debug|x64.Build.0 = Debug|Any CPU
		{678738DA-F723-4920-B9E5-CAD667104BDA}.Debug|x86.ActiveCfg = Debug|Any CPU
		{678738DA-F723-4920-B9E5-CAD667104BDA}.Debug|x86.Build.0 = Debug|Any CPU
		{678738DA-F723-4920-B9E5-CAD667104BDA}.Documentation|Any CPU.ActiveCfg = Debug|Any CPU
		{678738DA-F723-4920-B9E5-CAD667104BDA}.Documentation|Any CPU.Build.0 = Debug|Any CPU
		{678738DA-F723-4920-B9E5-CAD667104BDA}.Documentation|x64.ActiveCfg = Debug|Any CPU
		{678738DA-F723-4920-B9E5-CAD667104BDA}.Documentation|x64.Build.0 = Debug|Any CPU
		{678738DA-F723-4920-B9E5-CAD667104BDA}.Documentation|x86.ActiveCfg = Debug|Any CPU
		{678738DA-F723-4920-B9E5-CAD667104BDA}.Documentation|x86.Build.0 = Debug|Any CPU
		{678738DA-F723-4920-B9E5-CAD667104BDA}.iOS_Tests|Any CPU.ActiveCfg = Release|Any CPU
		{678738DA-F723-4920-B9E5-CAD667104BDA}.iOS_Tests|Any CPU.Build.0 = Release|Any CPU
		{678738DA-F723-4920-B9E5-CAD667104BDA}.iOS_Tests|x64.ActiveCfg = Debug|Any CPU
		{678738DA-F723-4920-B9E5-CAD667104BDA}.iOS_Tests|x64.Build.0 = Debug|Any CPU
		{678738DA-F723-4920-B9E5-CAD667104BDA}.iOS_Tests|x86.ActiveCfg = Debug|Any CPU
		{678738DA-F723-4920-B9E5-CAD667104BDA}.iOS_Tests|x86.Build.0 = Debug|Any CPU
		{678738DA-F723-4920-B9E5-CAD667104BDA}.Release|Any CPU.ActiveCfg = Release|Any CPU
		{678738DA-F723-4920-B9E5-CAD667104BDA}.Release|Any CPU.Build.0 = Release|Any CPU
		{678738DA-F723-4920-B9E5-CAD667104BDA}.Release|x64.ActiveCfg = Release|Any CPU
		{678738DA-F723-4920-B9E5-CAD667104BDA}.Release|x64.Build.0 = Release|Any CPU
		{678738DA-F723-4920-B9E5-CAD667104BDA}.Release|x86.ActiveCfg = Release|Any CPU
		{678738DA-F723-4920-B9E5-CAD667104BDA}.Release|x86.Build.0 = Release|Any CPU
		{CF09614C-C865-40F2-98F3-AFC645FF7D83}.Android_Tests|Any CPU.ActiveCfg = Release|Any CPU
		{CF09614C-C865-40F2-98F3-AFC645FF7D83}.Android_Tests|Any CPU.Build.0 = Release|Any CPU
		{CF09614C-C865-40F2-98F3-AFC645FF7D83}.Android_Tests|x64.ActiveCfg = Debug|Any CPU
		{CF09614C-C865-40F2-98F3-AFC645FF7D83}.Android_Tests|x64.Build.0 = Debug|Any CPU
		{CF09614C-C865-40F2-98F3-AFC645FF7D83}.Android_Tests|x86.ActiveCfg = Debug|Any CPU
		{CF09614C-C865-40F2-98F3-AFC645FF7D83}.Android_Tests|x86.Build.0 = Debug|Any CPU
		{CF09614C-C865-40F2-98F3-AFC645FF7D83}.Cross|Any CPU.ActiveCfg = Release|Any CPU
		{CF09614C-C865-40F2-98F3-AFC645FF7D83}.Cross|Any CPU.Build.0 = Release|Any CPU
		{CF09614C-C865-40F2-98F3-AFC645FF7D83}.Cross|x64.ActiveCfg = Debug|Any CPU
		{CF09614C-C865-40F2-98F3-AFC645FF7D83}.Cross|x64.Build.0 = Debug|Any CPU
		{CF09614C-C865-40F2-98F3-AFC645FF7D83}.Cross|x86.ActiveCfg = Debug|Any CPU
		{CF09614C-C865-40F2-98F3-AFC645FF7D83}.Cross|x86.Build.0 = Debug|Any CPU
		{CF09614C-C865-40F2-98F3-AFC645FF7D83}.Cross-TS|Any CPU.ActiveCfg = Release|Any CPU
		{CF09614C-C865-40F2-98F3-AFC645FF7D83}.Cross-TS|Any CPU.Build.0 = Release|Any CPU
		{CF09614C-C865-40F2-98F3-AFC645FF7D83}.Cross-TS|x64.ActiveCfg = Debug|Any CPU
		{CF09614C-C865-40F2-98F3-AFC645FF7D83}.Cross-TS|x64.Build.0 = Debug|Any CPU
		{CF09614C-C865-40F2-98F3-AFC645FF7D83}.Cross-TS|x86.ActiveCfg = Debug|Any CPU
		{CF09614C-C865-40F2-98F3-AFC645FF7D83}.Cross-TS|x86.Build.0 = Debug|Any CPU
		{CF09614C-C865-40F2-98F3-AFC645FF7D83}.Debug|Any CPU.ActiveCfg = Debug|Any CPU
		{CF09614C-C865-40F2-98F3-AFC645FF7D83}.Debug|Any CPU.Build.0 = Debug|Any CPU
		{CF09614C-C865-40F2-98F3-AFC645FF7D83}.Debug|x64.ActiveCfg = Debug|Any CPU
		{CF09614C-C865-40F2-98F3-AFC645FF7D83}.Debug|x64.Build.0 = Debug|Any CPU
		{CF09614C-C865-40F2-98F3-AFC645FF7D83}.Debug|x86.ActiveCfg = Debug|Any CPU
		{CF09614C-C865-40F2-98F3-AFC645FF7D83}.Debug|x86.Build.0 = Debug|Any CPU
		{CF09614C-C865-40F2-98F3-AFC645FF7D83}.Documentation|Any CPU.ActiveCfg = Debug|Any CPU
		{CF09614C-C865-40F2-98F3-AFC645FF7D83}.Documentation|Any CPU.Build.0 = Debug|Any CPU
		{CF09614C-C865-40F2-98F3-AFC645FF7D83}.Documentation|x64.ActiveCfg = Debug|Any CPU
		{CF09614C-C865-40F2-98F3-AFC645FF7D83}.Documentation|x64.Build.0 = Debug|Any CPU
		{CF09614C-C865-40F2-98F3-AFC645FF7D83}.Documentation|x86.ActiveCfg = Debug|Any CPU
		{CF09614C-C865-40F2-98F3-AFC645FF7D83}.Documentation|x86.Build.0 = Debug|Any CPU
		{CF09614C-C865-40F2-98F3-AFC645FF7D83}.iOS_Tests|Any CPU.ActiveCfg = Release|Any CPU
		{CF09614C-C865-40F2-98F3-AFC645FF7D83}.iOS_Tests|Any CPU.Build.0 = Release|Any CPU
		{CF09614C-C865-40F2-98F3-AFC645FF7D83}.iOS_Tests|x64.ActiveCfg = Debug|Any CPU
		{CF09614C-C865-40F2-98F3-AFC645FF7D83}.iOS_Tests|x64.Build.0 = Debug|Any CPU
		{CF09614C-C865-40F2-98F3-AFC645FF7D83}.iOS_Tests|x86.ActiveCfg = Debug|Any CPU
		{CF09614C-C865-40F2-98F3-AFC645FF7D83}.iOS_Tests|x86.Build.0 = Debug|Any CPU
		{CF09614C-C865-40F2-98F3-AFC645FF7D83}.Release|Any CPU.ActiveCfg = Release|Any CPU
		{CF09614C-C865-40F2-98F3-AFC645FF7D83}.Release|Any CPU.Build.0 = Release|Any CPU
		{CF09614C-C865-40F2-98F3-AFC645FF7D83}.Release|x64.ActiveCfg = Release|Any CPU
		{CF09614C-C865-40F2-98F3-AFC645FF7D83}.Release|x64.Build.0 = Release|Any CPU
		{CF09614C-C865-40F2-98F3-AFC645FF7D83}.Release|x86.ActiveCfg = Release|Any CPU
		{CF09614C-C865-40F2-98F3-AFC645FF7D83}.Release|x86.Build.0 = Release|Any CPU
		{A012D1D5-8887-4E1C-88A8-D2208C180C87}.Android_Tests|Any CPU.ActiveCfg = Release|Any CPU
		{A012D1D5-8887-4E1C-88A8-D2208C180C87}.Android_Tests|Any CPU.Build.0 = Release|Any CPU
		{A012D1D5-8887-4E1C-88A8-D2208C180C87}.Android_Tests|x64.ActiveCfg = Debug|Any CPU
		{A012D1D5-8887-4E1C-88A8-D2208C180C87}.Android_Tests|x64.Build.0 = Debug|Any CPU
		{A012D1D5-8887-4E1C-88A8-D2208C180C87}.Android_Tests|x86.ActiveCfg = Debug|Any CPU
		{A012D1D5-8887-4E1C-88A8-D2208C180C87}.Android_Tests|x86.Build.0 = Debug|Any CPU
		{A012D1D5-8887-4E1C-88A8-D2208C180C87}.Cross|Any CPU.ActiveCfg = Release|Any CPU
		{A012D1D5-8887-4E1C-88A8-D2208C180C87}.Cross|Any CPU.Build.0 = Release|Any CPU
		{A012D1D5-8887-4E1C-88A8-D2208C180C87}.Cross|x64.ActiveCfg = Debug|Any CPU
		{A012D1D5-8887-4E1C-88A8-D2208C180C87}.Cross|x64.Build.0 = Debug|Any CPU
		{A012D1D5-8887-4E1C-88A8-D2208C180C87}.Cross|x86.ActiveCfg = Debug|Any CPU
		{A012D1D5-8887-4E1C-88A8-D2208C180C87}.Cross|x86.Build.0 = Debug|Any CPU
		{A012D1D5-8887-4E1C-88A8-D2208C180C87}.Cross-TS|Any CPU.ActiveCfg = Release|Any CPU
		{A012D1D5-8887-4E1C-88A8-D2208C180C87}.Cross-TS|Any CPU.Build.0 = Release|Any CPU
		{A012D1D5-8887-4E1C-88A8-D2208C180C87}.Cross-TS|x64.ActiveCfg = Debug|Any CPU
		{A012D1D5-8887-4E1C-88A8-D2208C180C87}.Cross-TS|x64.Build.0 = Debug|Any CPU
		{A012D1D5-8887-4E1C-88A8-D2208C180C87}.Cross-TS|x86.ActiveCfg = Debug|Any CPU
		{A012D1D5-8887-4E1C-88A8-D2208C180C87}.Cross-TS|x86.Build.0 = Debug|Any CPU
		{A012D1D5-8887-4E1C-88A8-D2208C180C87}.Debug|Any CPU.ActiveCfg = Debug|Any CPU
		{A012D1D5-8887-4E1C-88A8-D2208C180C87}.Debug|Any CPU.Build.0 = Debug|Any CPU
		{A012D1D5-8887-4E1C-88A8-D2208C180C87}.Debug|x64.ActiveCfg = Debug|Any CPU
		{A012D1D5-8887-4E1C-88A8-D2208C180C87}.Debug|x64.Build.0 = Debug|Any CPU
		{A012D1D5-8887-4E1C-88A8-D2208C180C87}.Debug|x86.ActiveCfg = Debug|Any CPU
		{A012D1D5-8887-4E1C-88A8-D2208C180C87}.Debug|x86.Build.0 = Debug|Any CPU
		{A012D1D5-8887-4E1C-88A8-D2208C180C87}.Documentation|Any CPU.ActiveCfg = Debug|Any CPU
		{A012D1D5-8887-4E1C-88A8-D2208C180C87}.Documentation|Any CPU.Build.0 = Debug|Any CPU
		{A012D1D5-8887-4E1C-88A8-D2208C180C87}.Documentation|x64.ActiveCfg = Debug|Any CPU
		{A012D1D5-8887-4E1C-88A8-D2208C180C87}.Documentation|x64.Build.0 = Debug|Any CPU
		{A012D1D5-8887-4E1C-88A8-D2208C180C87}.Documentation|x86.ActiveCfg = Debug|Any CPU
		{A012D1D5-8887-4E1C-88A8-D2208C180C87}.Documentation|x86.Build.0 = Debug|Any CPU
		{A012D1D5-8887-4E1C-88A8-D2208C180C87}.iOS_Tests|Any CPU.ActiveCfg = Release|Any CPU
		{A012D1D5-8887-4E1C-88A8-D2208C180C87}.iOS_Tests|Any CPU.Build.0 = Release|Any CPU
		{A012D1D5-8887-4E1C-88A8-D2208C180C87}.iOS_Tests|x64.ActiveCfg = Debug|Any CPU
		{A012D1D5-8887-4E1C-88A8-D2208C180C87}.iOS_Tests|x64.Build.0 = Debug|Any CPU
		{A012D1D5-8887-4E1C-88A8-D2208C180C87}.iOS_Tests|x86.ActiveCfg = Debug|Any CPU
		{A012D1D5-8887-4E1C-88A8-D2208C180C87}.iOS_Tests|x86.Build.0 = Debug|Any CPU
		{A012D1D5-8887-4E1C-88A8-D2208C180C87}.Release|Any CPU.ActiveCfg = Release|Any CPU
		{A012D1D5-8887-4E1C-88A8-D2208C180C87}.Release|Any CPU.Build.0 = Release|Any CPU
		{A012D1D5-8887-4E1C-88A8-D2208C180C87}.Release|x64.ActiveCfg = Release|Any CPU
		{A012D1D5-8887-4E1C-88A8-D2208C180C87}.Release|x64.Build.0 = Release|Any CPU
		{A012D1D5-8887-4E1C-88A8-D2208C180C87}.Release|x86.ActiveCfg = Release|Any CPU
		{A012D1D5-8887-4E1C-88A8-D2208C180C87}.Release|x86.Build.0 = Release|Any CPU
		{9214AF59-4D72-4D54-AC18-692893D0AF17}.Android_Tests|Any CPU.ActiveCfg = Release|Any CPU
		{9214AF59-4D72-4D54-AC18-692893D0AF17}.Android_Tests|Any CPU.Build.0 = Release|Any CPU
		{9214AF59-4D72-4D54-AC18-692893D0AF17}.Android_Tests|x64.ActiveCfg = Debug|Any CPU
		{9214AF59-4D72-4D54-AC18-692893D0AF17}.Android_Tests|x64.Build.0 = Debug|Any CPU
		{9214AF59-4D72-4D54-AC18-692893D0AF17}.Android_Tests|x86.ActiveCfg = Debug|Any CPU
		{9214AF59-4D72-4D54-AC18-692893D0AF17}.Android_Tests|x86.Build.0 = Debug|Any CPU
		{9214AF59-4D72-4D54-AC18-692893D0AF17}.Cross|Any CPU.ActiveCfg = Release|Any CPU
		{9214AF59-4D72-4D54-AC18-692893D0AF17}.Cross|Any CPU.Build.0 = Release|Any CPU
		{9214AF59-4D72-4D54-AC18-692893D0AF17}.Cross|x64.ActiveCfg = Debug|Any CPU
		{9214AF59-4D72-4D54-AC18-692893D0AF17}.Cross|x64.Build.0 = Debug|Any CPU
		{9214AF59-4D72-4D54-AC18-692893D0AF17}.Cross|x86.ActiveCfg = Debug|Any CPU
		{9214AF59-4D72-4D54-AC18-692893D0AF17}.Cross|x86.Build.0 = Debug|Any CPU
		{9214AF59-4D72-4D54-AC18-692893D0AF17}.Cross-TS|Any CPU.ActiveCfg = Release|Any CPU
		{9214AF59-4D72-4D54-AC18-692893D0AF17}.Cross-TS|Any CPU.Build.0 = Release|Any CPU
		{9214AF59-4D72-4D54-AC18-692893D0AF17}.Cross-TS|x64.ActiveCfg = Debug|Any CPU
		{9214AF59-4D72-4D54-AC18-692893D0AF17}.Cross-TS|x64.Build.0 = Debug|Any CPU
		{9214AF59-4D72-4D54-AC18-692893D0AF17}.Cross-TS|x86.ActiveCfg = Debug|Any CPU
		{9214AF59-4D72-4D54-AC18-692893D0AF17}.Cross-TS|x86.Build.0 = Debug|Any CPU
		{9214AF59-4D72-4D54-AC18-692893D0AF17}.Debug|Any CPU.ActiveCfg = Debug|Any CPU
		{9214AF59-4D72-4D54-AC18-692893D0AF17}.Debug|Any CPU.Build.0 = Debug|Any CPU
		{9214AF59-4D72-4D54-AC18-692893D0AF17}.Debug|x64.ActiveCfg = Debug|Any CPU
		{9214AF59-4D72-4D54-AC18-692893D0AF17}.Debug|x64.Build.0 = Debug|Any CPU
		{9214AF59-4D72-4D54-AC18-692893D0AF17}.Debug|x86.ActiveCfg = Debug|Any CPU
		{9214AF59-4D72-4D54-AC18-692893D0AF17}.Debug|x86.Build.0 = Debug|Any CPU
		{9214AF59-4D72-4D54-AC18-692893D0AF17}.Documentation|Any CPU.ActiveCfg = Debug|Any CPU
		{9214AF59-4D72-4D54-AC18-692893D0AF17}.Documentation|Any CPU.Build.0 = Debug|Any CPU
		{9214AF59-4D72-4D54-AC18-692893D0AF17}.Documentation|x64.ActiveCfg = Debug|Any CPU
		{9214AF59-4D72-4D54-AC18-692893D0AF17}.Documentation|x64.Build.0 = Debug|Any CPU
		{9214AF59-4D72-4D54-AC18-692893D0AF17}.Documentation|x86.ActiveCfg = Debug|Any CPU
		{9214AF59-4D72-4D54-AC18-692893D0AF17}.Documentation|x86.Build.0 = Debug|Any CPU
		{9214AF59-4D72-4D54-AC18-692893D0AF17}.iOS_Tests|Any CPU.ActiveCfg = Release|Any CPU
		{9214AF59-4D72-4D54-AC18-692893D0AF17}.iOS_Tests|Any CPU.Build.0 = Release|Any CPU
		{9214AF59-4D72-4D54-AC18-692893D0AF17}.iOS_Tests|x64.ActiveCfg = Debug|Any CPU
		{9214AF59-4D72-4D54-AC18-692893D0AF17}.iOS_Tests|x64.Build.0 = Debug|Any CPU
		{9214AF59-4D72-4D54-AC18-692893D0AF17}.iOS_Tests|x86.ActiveCfg = Debug|Any CPU
		{9214AF59-4D72-4D54-AC18-692893D0AF17}.iOS_Tests|x86.Build.0 = Debug|Any CPU
		{9214AF59-4D72-4D54-AC18-692893D0AF17}.Release|Any CPU.ActiveCfg = Release|Any CPU
		{9214AF59-4D72-4D54-AC18-692893D0AF17}.Release|Any CPU.Build.0 = Release|Any CPU
		{9214AF59-4D72-4D54-AC18-692893D0AF17}.Release|x64.ActiveCfg = Release|Any CPU
		{9214AF59-4D72-4D54-AC18-692893D0AF17}.Release|x64.Build.0 = Release|Any CPU
		{9214AF59-4D72-4D54-AC18-692893D0AF17}.Release|x86.ActiveCfg = Release|Any CPU
		{9214AF59-4D72-4D54-AC18-692893D0AF17}.Release|x86.Build.0 = Release|Any CPU
		{D2382D2C-6576-4D96-B6CD-057C4F6BED96}.Android_Tests|Any CPU.ActiveCfg = Release|Any CPU
		{D2382D2C-6576-4D96-B6CD-057C4F6BED96}.Android_Tests|Any CPU.Build.0 = Release|Any CPU
		{D2382D2C-6576-4D96-B6CD-057C4F6BED96}.Android_Tests|x64.ActiveCfg = Debug|Any CPU
		{D2382D2C-6576-4D96-B6CD-057C4F6BED96}.Android_Tests|x64.Build.0 = Debug|Any CPU
		{D2382D2C-6576-4D96-B6CD-057C4F6BED96}.Android_Tests|x86.ActiveCfg = Debug|Any CPU
		{D2382D2C-6576-4D96-B6CD-057C4F6BED96}.Android_Tests|x86.Build.0 = Debug|Any CPU
		{D2382D2C-6576-4D96-B6CD-057C4F6BED96}.Cross|Any CPU.ActiveCfg = Release|Any CPU
		{D2382D2C-6576-4D96-B6CD-057C4F6BED96}.Cross|Any CPU.Build.0 = Release|Any CPU
		{D2382D2C-6576-4D96-B6CD-057C4F6BED96}.Cross|x64.ActiveCfg = Debug|Any CPU
		{D2382D2C-6576-4D96-B6CD-057C4F6BED96}.Cross|x64.Build.0 = Debug|Any CPU
		{D2382D2C-6576-4D96-B6CD-057C4F6BED96}.Cross|x86.ActiveCfg = Debug|Any CPU
		{D2382D2C-6576-4D96-B6CD-057C4F6BED96}.Cross|x86.Build.0 = Debug|Any CPU
		{D2382D2C-6576-4D96-B6CD-057C4F6BED96}.Cross-TS|Any CPU.ActiveCfg = Release|Any CPU
		{D2382D2C-6576-4D96-B6CD-057C4F6BED96}.Cross-TS|Any CPU.Build.0 = Release|Any CPU
		{D2382D2C-6576-4D96-B6CD-057C4F6BED96}.Cross-TS|x64.ActiveCfg = Debug|Any CPU
		{D2382D2C-6576-4D96-B6CD-057C4F6BED96}.Cross-TS|x64.Build.0 = Debug|Any CPU
		{D2382D2C-6576-4D96-B6CD-057C4F6BED96}.Cross-TS|x86.ActiveCfg = Debug|Any CPU
		{D2382D2C-6576-4D96-B6CD-057C4F6BED96}.Cross-TS|x86.Build.0 = Debug|Any CPU
		{D2382D2C-6576-4D96-B6CD-057C4F6BED96}.Debug|Any CPU.ActiveCfg = Debug|Any CPU
		{D2382D2C-6576-4D96-B6CD-057C4F6BED96}.Debug|Any CPU.Build.0 = Debug|Any CPU
		{D2382D2C-6576-4D96-B6CD-057C4F6BED96}.Debug|x64.ActiveCfg = Debug|Any CPU
		{D2382D2C-6576-4D96-B6CD-057C4F6BED96}.Debug|x64.Build.0 = Debug|Any CPU
		{D2382D2C-6576-4D96-B6CD-057C4F6BED96}.Debug|x86.ActiveCfg = Debug|Any CPU
		{D2382D2C-6576-4D96-B6CD-057C4F6BED96}.Debug|x86.Build.0 = Debug|Any CPU
		{D2382D2C-6576-4D96-B6CD-057C4F6BED96}.Documentation|Any CPU.ActiveCfg = Debug|Any CPU
		{D2382D2C-6576-4D96-B6CD-057C4F6BED96}.Documentation|Any CPU.Build.0 = Debug|Any CPU
		{D2382D2C-6576-4D96-B6CD-057C4F6BED96}.Documentation|x64.ActiveCfg = Debug|Any CPU
		{D2382D2C-6576-4D96-B6CD-057C4F6BED96}.Documentation|x64.Build.0 = Debug|Any CPU
		{D2382D2C-6576-4D96-B6CD-057C4F6BED96}.Documentation|x86.ActiveCfg = Debug|Any CPU
		{D2382D2C-6576-4D96-B6CD-057C4F6BED96}.Documentation|x86.Build.0 = Debug|Any CPU
		{D2382D2C-6576-4D96-B6CD-057C4F6BED96}.iOS_Tests|Any CPU.ActiveCfg = Release|Any CPU
		{D2382D2C-6576-4D96-B6CD-057C4F6BED96}.iOS_Tests|Any CPU.Build.0 = Release|Any CPU
		{D2382D2C-6576-4D96-B6CD-057C4F6BED96}.iOS_Tests|x64.ActiveCfg = Debug|Any CPU
		{D2382D2C-6576-4D96-B6CD-057C4F6BED96}.iOS_Tests|x64.Build.0 = Debug|Any CPU
		{D2382D2C-6576-4D96-B6CD-057C4F6BED96}.iOS_Tests|x86.ActiveCfg = Debug|Any CPU
		{D2382D2C-6576-4D96-B6CD-057C4F6BED96}.iOS_Tests|x86.Build.0 = Debug|Any CPU
		{D2382D2C-6576-4D96-B6CD-057C4F6BED96}.Release|Any CPU.ActiveCfg = Release|Any CPU
		{D2382D2C-6576-4D96-B6CD-057C4F6BED96}.Release|Any CPU.Build.0 = Release|Any CPU
		{D2382D2C-6576-4D96-B6CD-057C4F6BED96}.Release|x64.ActiveCfg = Release|Any CPU
		{D2382D2C-6576-4D96-B6CD-057C4F6BED96}.Release|x64.Build.0 = Release|Any CPU
		{D2382D2C-6576-4D96-B6CD-057C4F6BED96}.Release|x86.ActiveCfg = Release|Any CPU
		{D2382D2C-6576-4D96-B6CD-057C4F6BED96}.Release|x86.Build.0 = Release|Any CPU
		{AADF77A3-FC96-43C6-9BB7-FFA29FC57330}.Android_Tests|Any CPU.ActiveCfg = Release|Any CPU
		{AADF77A3-FC96-43C6-9BB7-FFA29FC57330}.Android_Tests|Any CPU.Build.0 = Release|Any CPU
		{AADF77A3-FC96-43C6-9BB7-FFA29FC57330}.Android_Tests|x64.ActiveCfg = Debug|Any CPU
		{AADF77A3-FC96-43C6-9BB7-FFA29FC57330}.Android_Tests|x64.Build.0 = Debug|Any CPU
		{AADF77A3-FC96-43C6-9BB7-FFA29FC57330}.Android_Tests|x86.ActiveCfg = Debug|Any CPU
		{AADF77A3-FC96-43C6-9BB7-FFA29FC57330}.Android_Tests|x86.Build.0 = Debug|Any CPU
		{AADF77A3-FC96-43C6-9BB7-FFA29FC57330}.Cross|Any CPU.ActiveCfg = Release|Any CPU
		{AADF77A3-FC96-43C6-9BB7-FFA29FC57330}.Cross|Any CPU.Build.0 = Release|Any CPU
		{AADF77A3-FC96-43C6-9BB7-FFA29FC57330}.Cross|x64.ActiveCfg = Debug|Any CPU
		{AADF77A3-FC96-43C6-9BB7-FFA29FC57330}.Cross|x64.Build.0 = Debug|Any CPU
		{AADF77A3-FC96-43C6-9BB7-FFA29FC57330}.Cross|x86.ActiveCfg = Debug|Any CPU
		{AADF77A3-FC96-43C6-9BB7-FFA29FC57330}.Cross|x86.Build.0 = Debug|Any CPU
		{AADF77A3-FC96-43C6-9BB7-FFA29FC57330}.Cross-TS|Any CPU.ActiveCfg = Release|Any CPU
		{AADF77A3-FC96-43C6-9BB7-FFA29FC57330}.Cross-TS|Any CPU.Build.0 = Release|Any CPU
		{AADF77A3-FC96-43C6-9BB7-FFA29FC57330}.Cross-TS|x64.ActiveCfg = Debug|Any CPU
		{AADF77A3-FC96-43C6-9BB7-FFA29FC57330}.Cross-TS|x64.Build.0 = Debug|Any CPU
		{AADF77A3-FC96-43C6-9BB7-FFA29FC57330}.Cross-TS|x86.ActiveCfg = Debug|Any CPU
		{AADF77A3-FC96-43C6-9BB7-FFA29FC57330}.Cross-TS|x86.Build.0 = Debug|Any CPU
		{AADF77A3-FC96-43C6-9BB7-FFA29FC57330}.Debug|Any CPU.ActiveCfg = Debug|Any CPU
		{AADF77A3-FC96-43C6-9BB7-FFA29FC57330}.Debug|Any CPU.Build.0 = Debug|Any CPU
		{AADF77A3-FC96-43C6-9BB7-FFA29FC57330}.Debug|x64.ActiveCfg = Debug|Any CPU
		{AADF77A3-FC96-43C6-9BB7-FFA29FC57330}.Debug|x64.Build.0 = Debug|Any CPU
		{AADF77A3-FC96-43C6-9BB7-FFA29FC57330}.Debug|x86.ActiveCfg = Debug|Any CPU
		{AADF77A3-FC96-43C6-9BB7-FFA29FC57330}.Debug|x86.Build.0 = Debug|Any CPU
		{AADF77A3-FC96-43C6-9BB7-FFA29FC57330}.Documentation|Any CPU.ActiveCfg = Debug|Any CPU
		{AADF77A3-FC96-43C6-9BB7-FFA29FC57330}.Documentation|Any CPU.Build.0 = Debug|Any CPU
		{AADF77A3-FC96-43C6-9BB7-FFA29FC57330}.Documentation|x64.ActiveCfg = Debug|Any CPU
		{AADF77A3-FC96-43C6-9BB7-FFA29FC57330}.Documentation|x64.Build.0 = Debug|Any CPU
		{AADF77A3-FC96-43C6-9BB7-FFA29FC57330}.Documentation|x86.ActiveCfg = Debug|Any CPU
		{AADF77A3-FC96-43C6-9BB7-FFA29FC57330}.Documentation|x86.Build.0 = Debug|Any CPU
		{AADF77A3-FC96-43C6-9BB7-FFA29FC57330}.iOS_Tests|Any CPU.ActiveCfg = Release|Any CPU
		{AADF77A3-FC96-43C6-9BB7-FFA29FC57330}.iOS_Tests|Any CPU.Build.0 = Release|Any CPU
		{AADF77A3-FC96-43C6-9BB7-FFA29FC57330}.iOS_Tests|x64.ActiveCfg = Debug|Any CPU
		{AADF77A3-FC96-43C6-9BB7-FFA29FC57330}.iOS_Tests|x64.Build.0 = Debug|Any CPU
		{AADF77A3-FC96-43C6-9BB7-FFA29FC57330}.iOS_Tests|x86.ActiveCfg = Debug|Any CPU
		{AADF77A3-FC96-43C6-9BB7-FFA29FC57330}.iOS_Tests|x86.Build.0 = Debug|Any CPU
		{AADF77A3-FC96-43C6-9BB7-FFA29FC57330}.Release|Any CPU.ActiveCfg = Release|Any CPU
		{AADF77A3-FC96-43C6-9BB7-FFA29FC57330}.Release|Any CPU.Build.0 = Release|Any CPU
		{AADF77A3-FC96-43C6-9BB7-FFA29FC57330}.Release|x64.ActiveCfg = Release|Any CPU
		{AADF77A3-FC96-43C6-9BB7-FFA29FC57330}.Release|x64.Build.0 = Release|Any CPU
		{AADF77A3-FC96-43C6-9BB7-FFA29FC57330}.Release|x86.ActiveCfg = Release|Any CPU
		{AADF77A3-FC96-43C6-9BB7-FFA29FC57330}.Release|x86.Build.0 = Release|Any CPU
		{2CE5502D-8710-4BE3-9D90-201D526904B3}.Android_Tests|Any CPU.ActiveCfg = Release|Any CPU
		{2CE5502D-8710-4BE3-9D90-201D526904B3}.Android_Tests|Any CPU.Build.0 = Release|Any CPU
		{2CE5502D-8710-4BE3-9D90-201D526904B3}.Android_Tests|x64.ActiveCfg = Debug|Any CPU
		{2CE5502D-8710-4BE3-9D90-201D526904B3}.Android_Tests|x64.Build.0 = Debug|Any CPU
		{2CE5502D-8710-4BE3-9D90-201D526904B3}.Android_Tests|x86.ActiveCfg = Debug|Any CPU
		{2CE5502D-8710-4BE3-9D90-201D526904B3}.Android_Tests|x86.Build.0 = Debug|Any CPU
		{2CE5502D-8710-4BE3-9D90-201D526904B3}.Cross|Any CPU.ActiveCfg = Release|Any CPU
		{2CE5502D-8710-4BE3-9D90-201D526904B3}.Cross|Any CPU.Build.0 = Release|Any CPU
		{2CE5502D-8710-4BE3-9D90-201D526904B3}.Cross|x64.ActiveCfg = Debug|Any CPU
		{2CE5502D-8710-4BE3-9D90-201D526904B3}.Cross|x64.Build.0 = Debug|Any CPU
		{2CE5502D-8710-4BE3-9D90-201D526904B3}.Cross|x86.ActiveCfg = Debug|Any CPU
		{2CE5502D-8710-4BE3-9D90-201D526904B3}.Cross|x86.Build.0 = Debug|Any CPU
		{2CE5502D-8710-4BE3-9D90-201D526904B3}.Cross-TS|Any CPU.ActiveCfg = Release|Any CPU
		{2CE5502D-8710-4BE3-9D90-201D526904B3}.Cross-TS|Any CPU.Build.0 = Release|Any CPU
		{2CE5502D-8710-4BE3-9D90-201D526904B3}.Cross-TS|x64.ActiveCfg = Debug|Any CPU
		{2CE5502D-8710-4BE3-9D90-201D526904B3}.Cross-TS|x64.Build.0 = Debug|Any CPU
		{2CE5502D-8710-4BE3-9D90-201D526904B3}.Cross-TS|x86.ActiveCfg = Debug|Any CPU
		{2CE5502D-8710-4BE3-9D90-201D526904B3}.Cross-TS|x86.Build.0 = Debug|Any CPU
		{2CE5502D-8710-4BE3-9D90-201D526904B3}.Debug|Any CPU.ActiveCfg = Debug|Any CPU
		{2CE5502D-8710-4BE3-9D90-201D526904B3}.Debug|Any CPU.Build.0 = Debug|Any CPU
		{2CE5502D-8710-4BE3-9D90-201D526904B3}.Debug|x64.ActiveCfg = Debug|Any CPU
		{2CE5502D-8710-4BE3-9D90-201D526904B3}.Debug|x64.Build.0 = Debug|Any CPU
		{2CE5502D-8710-4BE3-9D90-201D526904B3}.Debug|x86.ActiveCfg = Debug|Any CPU
		{2CE5502D-8710-4BE3-9D90-201D526904B3}.Debug|x86.Build.0 = Debug|Any CPU
		{2CE5502D-8710-4BE3-9D90-201D526904B3}.Documentation|Any CPU.ActiveCfg = Debug|Any CPU
		{2CE5502D-8710-4BE3-9D90-201D526904B3}.Documentation|Any CPU.Build.0 = Debug|Any CPU
		{2CE5502D-8710-4BE3-9D90-201D526904B3}.Documentation|x64.ActiveCfg = Debug|Any CPU
		{2CE5502D-8710-4BE3-9D90-201D526904B3}.Documentation|x64.Build.0 = Debug|Any CPU
		{2CE5502D-8710-4BE3-9D90-201D526904B3}.Documentation|x86.ActiveCfg = Debug|Any CPU
		{2CE5502D-8710-4BE3-9D90-201D526904B3}.Documentation|x86.Build.0 = Debug|Any CPU
		{2CE5502D-8710-4BE3-9D90-201D526904B3}.iOS_Tests|Any CPU.ActiveCfg = Release|Any CPU
		{2CE5502D-8710-4BE3-9D90-201D526904B3}.iOS_Tests|Any CPU.Build.0 = Release|Any CPU
		{2CE5502D-8710-4BE3-9D90-201D526904B3}.iOS_Tests|x64.ActiveCfg = Debug|Any CPU
		{2CE5502D-8710-4BE3-9D90-201D526904B3}.iOS_Tests|x64.Build.0 = Debug|Any CPU
		{2CE5502D-8710-4BE3-9D90-201D526904B3}.iOS_Tests|x86.ActiveCfg = Debug|Any CPU
		{2CE5502D-8710-4BE3-9D90-201D526904B3}.iOS_Tests|x86.Build.0 = Debug|Any CPU
		{2CE5502D-8710-4BE3-9D90-201D526904B3}.Release|Any CPU.ActiveCfg = Release|Any CPU
		{2CE5502D-8710-4BE3-9D90-201D526904B3}.Release|Any CPU.Build.0 = Release|Any CPU
		{2CE5502D-8710-4BE3-9D90-201D526904B3}.Release|x64.ActiveCfg = Release|Any CPU
		{2CE5502D-8710-4BE3-9D90-201D526904B3}.Release|x64.Build.0 = Release|Any CPU
		{2CE5502D-8710-4BE3-9D90-201D526904B3}.Release|x86.ActiveCfg = Release|Any CPU
		{2CE5502D-8710-4BE3-9D90-201D526904B3}.Release|x86.Build.0 = Release|Any CPU
		{DEB5F360-2822-4852-95A3-964E37C802AF}.Android_Tests|Any CPU.ActiveCfg = Release|Any CPU
		{DEB5F360-2822-4852-95A3-964E37C802AF}.Android_Tests|Any CPU.Build.0 = Release|Any CPU
		{DEB5F360-2822-4852-95A3-964E37C802AF}.Android_Tests|x64.ActiveCfg = Debug|Any CPU
		{DEB5F360-2822-4852-95A3-964E37C802AF}.Android_Tests|x64.Build.0 = Debug|Any CPU
		{DEB5F360-2822-4852-95A3-964E37C802AF}.Android_Tests|x86.ActiveCfg = Debug|Any CPU
		{DEB5F360-2822-4852-95A3-964E37C802AF}.Android_Tests|x86.Build.0 = Debug|Any CPU
		{DEB5F360-2822-4852-95A3-964E37C802AF}.Cross|Any CPU.ActiveCfg = Release|Any CPU
		{DEB5F360-2822-4852-95A3-964E37C802AF}.Cross|Any CPU.Build.0 = Release|Any CPU
		{DEB5F360-2822-4852-95A3-964E37C802AF}.Cross|x64.ActiveCfg = Debug|Any CPU
		{DEB5F360-2822-4852-95A3-964E37C802AF}.Cross|x64.Build.0 = Debug|Any CPU
		{DEB5F360-2822-4852-95A3-964E37C802AF}.Cross|x86.ActiveCfg = Debug|Any CPU
		{DEB5F360-2822-4852-95A3-964E37C802AF}.Cross|x86.Build.0 = Debug|Any CPU
		{DEB5F360-2822-4852-95A3-964E37C802AF}.Cross-TS|Any CPU.ActiveCfg = Release|Any CPU
		{DEB5F360-2822-4852-95A3-964E37C802AF}.Cross-TS|Any CPU.Build.0 = Release|Any CPU
		{DEB5F360-2822-4852-95A3-964E37C802AF}.Cross-TS|x64.ActiveCfg = Debug|Any CPU
		{DEB5F360-2822-4852-95A3-964E37C802AF}.Cross-TS|x64.Build.0 = Debug|Any CPU
		{DEB5F360-2822-4852-95A3-964E37C802AF}.Cross-TS|x86.ActiveCfg = Debug|Any CPU
		{DEB5F360-2822-4852-95A3-964E37C802AF}.Cross-TS|x86.Build.0 = Debug|Any CPU
		{DEB5F360-2822-4852-95A3-964E37C802AF}.Debug|Any CPU.ActiveCfg = Debug|Any CPU
		{DEB5F360-2822-4852-95A3-964E37C802AF}.Debug|Any CPU.Build.0 = Debug|Any CPU
		{DEB5F360-2822-4852-95A3-964E37C802AF}.Debug|x64.ActiveCfg = Debug|Any CPU
		{DEB5F360-2822-4852-95A3-964E37C802AF}.Debug|x64.Build.0 = Debug|Any CPU
		{DEB5F360-2822-4852-95A3-964E37C802AF}.Debug|x86.ActiveCfg = Debug|Any CPU
		{DEB5F360-2822-4852-95A3-964E37C802AF}.Debug|x86.Build.0 = Debug|Any CPU
		{DEB5F360-2822-4852-95A3-964E37C802AF}.Documentation|Any CPU.ActiveCfg = Debug|Any CPU
		{DEB5F360-2822-4852-95A3-964E37C802AF}.Documentation|Any CPU.Build.0 = Debug|Any CPU
		{DEB5F360-2822-4852-95A3-964E37C802AF}.Documentation|x64.ActiveCfg = Debug|Any CPU
		{DEB5F360-2822-4852-95A3-964E37C802AF}.Documentation|x64.Build.0 = Debug|Any CPU
		{DEB5F360-2822-4852-95A3-964E37C802AF}.Documentation|x86.ActiveCfg = Debug|Any CPU
		{DEB5F360-2822-4852-95A3-964E37C802AF}.Documentation|x86.Build.0 = Debug|Any CPU
		{DEB5F360-2822-4852-95A3-964E37C802AF}.iOS_Tests|Any CPU.ActiveCfg = Release|Any CPU
		{DEB5F360-2822-4852-95A3-964E37C802AF}.iOS_Tests|Any CPU.Build.0 = Release|Any CPU
		{DEB5F360-2822-4852-95A3-964E37C802AF}.iOS_Tests|x64.ActiveCfg = Debug|Any CPU
		{DEB5F360-2822-4852-95A3-964E37C802AF}.iOS_Tests|x64.Build.0 = Debug|Any CPU
		{DEB5F360-2822-4852-95A3-964E37C802AF}.iOS_Tests|x86.ActiveCfg = Debug|Any CPU
		{DEB5F360-2822-4852-95A3-964E37C802AF}.iOS_Tests|x86.Build.0 = Debug|Any CPU
		{DEB5F360-2822-4852-95A3-964E37C802AF}.Release|Any CPU.ActiveCfg = Release|Any CPU
		{DEB5F360-2822-4852-95A3-964E37C802AF}.Release|Any CPU.Build.0 = Release|Any CPU
		{DEB5F360-2822-4852-95A3-964E37C802AF}.Release|x64.ActiveCfg = Release|Any CPU
		{DEB5F360-2822-4852-95A3-964E37C802AF}.Release|x64.Build.0 = Release|Any CPU
		{DEB5F360-2822-4852-95A3-964E37C802AF}.Release|x86.ActiveCfg = Release|Any CPU
		{DEB5F360-2822-4852-95A3-964E37C802AF}.Release|x86.Build.0 = Release|Any CPU
		{65A59747-0DA1-4BA6-AAC8-3C855478E053}.Android_Tests|Any CPU.ActiveCfg = Release|Any CPU
		{65A59747-0DA1-4BA6-AAC8-3C855478E053}.Android_Tests|Any CPU.Build.0 = Release|Any CPU
		{65A59747-0DA1-4BA6-AAC8-3C855478E053}.Android_Tests|x64.ActiveCfg = Debug|Any CPU
		{65A59747-0DA1-4BA6-AAC8-3C855478E053}.Android_Tests|x64.Build.0 = Debug|Any CPU
		{65A59747-0DA1-4BA6-AAC8-3C855478E053}.Android_Tests|x86.ActiveCfg = Debug|Any CPU
		{65A59747-0DA1-4BA6-AAC8-3C855478E053}.Android_Tests|x86.Build.0 = Debug|Any CPU
		{65A59747-0DA1-4BA6-AAC8-3C855478E053}.Cross|Any CPU.ActiveCfg = Release|Any CPU
		{65A59747-0DA1-4BA6-AAC8-3C855478E053}.Cross|Any CPU.Build.0 = Release|Any CPU
		{65A59747-0DA1-4BA6-AAC8-3C855478E053}.Cross|x64.ActiveCfg = Debug|Any CPU
		{65A59747-0DA1-4BA6-AAC8-3C855478E053}.Cross|x64.Build.0 = Debug|Any CPU
		{65A59747-0DA1-4BA6-AAC8-3C855478E053}.Cross|x86.ActiveCfg = Debug|Any CPU
		{65A59747-0DA1-4BA6-AAC8-3C855478E053}.Cross|x86.Build.0 = Debug|Any CPU
		{65A59747-0DA1-4BA6-AAC8-3C855478E053}.Cross-TS|Any CPU.ActiveCfg = Release|Any CPU
		{65A59747-0DA1-4BA6-AAC8-3C855478E053}.Cross-TS|Any CPU.Build.0 = Release|Any CPU
		{65A59747-0DA1-4BA6-AAC8-3C855478E053}.Cross-TS|x64.ActiveCfg = Debug|Any CPU
		{65A59747-0DA1-4BA6-AAC8-3C855478E053}.Cross-TS|x64.Build.0 = Debug|Any CPU
		{65A59747-0DA1-4BA6-AAC8-3C855478E053}.Cross-TS|x86.ActiveCfg = Debug|Any CPU
		{65A59747-0DA1-4BA6-AAC8-3C855478E053}.Cross-TS|x86.Build.0 = Debug|Any CPU
		{65A59747-0DA1-4BA6-AAC8-3C855478E053}.Debug|Any CPU.ActiveCfg = Debug|Any CPU
		{65A59747-0DA1-4BA6-AAC8-3C855478E053}.Debug|Any CPU.Build.0 = Debug|Any CPU
		{65A59747-0DA1-4BA6-AAC8-3C855478E053}.Debug|x64.ActiveCfg = Debug|Any CPU
		{65A59747-0DA1-4BA6-AAC8-3C855478E053}.Debug|x64.Build.0 = Debug|Any CPU
		{65A59747-0DA1-4BA6-AAC8-3C855478E053}.Debug|x86.ActiveCfg = Debug|Any CPU
		{65A59747-0DA1-4BA6-AAC8-3C855478E053}.Debug|x86.Build.0 = Debug|Any CPU
		{65A59747-0DA1-4BA6-AAC8-3C855478E053}.Documentation|Any CPU.ActiveCfg = Debug|Any CPU
		{65A59747-0DA1-4BA6-AAC8-3C855478E053}.Documentation|Any CPU.Build.0 = Debug|Any CPU
		{65A59747-0DA1-4BA6-AAC8-3C855478E053}.Documentation|x64.ActiveCfg = Debug|Any CPU
		{65A59747-0DA1-4BA6-AAC8-3C855478E053}.Documentation|x64.Build.0 = Debug|Any CPU
		{65A59747-0DA1-4BA6-AAC8-3C855478E053}.Documentation|x86.ActiveCfg = Debug|Any CPU
		{65A59747-0DA1-4BA6-AAC8-3C855478E053}.Documentation|x86.Build.0 = Debug|Any CPU
		{65A59747-0DA1-4BA6-AAC8-3C855478E053}.iOS_Tests|Any CPU.ActiveCfg = Release|Any CPU
		{65A59747-0DA1-4BA6-AAC8-3C855478E053}.iOS_Tests|Any CPU.Build.0 = Release|Any CPU
		{65A59747-0DA1-4BA6-AAC8-3C855478E053}.iOS_Tests|x64.ActiveCfg = Debug|Any CPU
		{65A59747-0DA1-4BA6-AAC8-3C855478E053}.iOS_Tests|x64.Build.0 = Debug|Any CPU
		{65A59747-0DA1-4BA6-AAC8-3C855478E053}.iOS_Tests|x86.ActiveCfg = Debug|Any CPU
		{65A59747-0DA1-4BA6-AAC8-3C855478E053}.iOS_Tests|x86.Build.0 = Debug|Any CPU
		{65A59747-0DA1-4BA6-AAC8-3C855478E053}.Release|Any CPU.ActiveCfg = Release|Any CPU
		{65A59747-0DA1-4BA6-AAC8-3C855478E053}.Release|Any CPU.Build.0 = Release|Any CPU
		{65A59747-0DA1-4BA6-AAC8-3C855478E053}.Release|x64.ActiveCfg = Release|Any CPU
		{65A59747-0DA1-4BA6-AAC8-3C855478E053}.Release|x64.Build.0 = Release|Any CPU
		{65A59747-0DA1-4BA6-AAC8-3C855478E053}.Release|x86.ActiveCfg = Release|Any CPU
		{65A59747-0DA1-4BA6-AAC8-3C855478E053}.Release|x86.Build.0 = Release|Any CPU
		{A5B03C42-2D25-4C3B-A8FD-22F4BC54966B}.Android_Tests|Any CPU.ActiveCfg = Release|Any CPU
		{A5B03C42-2D25-4C3B-A8FD-22F4BC54966B}.Android_Tests|Any CPU.Build.0 = Release|Any CPU
		{A5B03C42-2D25-4C3B-A8FD-22F4BC54966B}.Android_Tests|x64.ActiveCfg = Release|x64
		{A5B03C42-2D25-4C3B-A8FD-22F4BC54966B}.Android_Tests|x64.Build.0 = Release|x64
		{A5B03C42-2D25-4C3B-A8FD-22F4BC54966B}.Android_Tests|x86.ActiveCfg = Release|x86
		{A5B03C42-2D25-4C3B-A8FD-22F4BC54966B}.Android_Tests|x86.Build.0 = Release|x86
		{A5B03C42-2D25-4C3B-A8FD-22F4BC54966B}.Cross|Any CPU.ActiveCfg = Release|Any CPU
		{A5B03C42-2D25-4C3B-A8FD-22F4BC54966B}.Cross|Any CPU.Build.0 = Release|Any CPU
		{A5B03C42-2D25-4C3B-A8FD-22F4BC54966B}.Cross|x64.ActiveCfg = Release|x64
		{A5B03C42-2D25-4C3B-A8FD-22F4BC54966B}.Cross|x64.Build.0 = Release|x64
		{A5B03C42-2D25-4C3B-A8FD-22F4BC54966B}.Cross|x86.ActiveCfg = Release|x86
		{A5B03C42-2D25-4C3B-A8FD-22F4BC54966B}.Cross|x86.Build.0 = Release|x86
		{A5B03C42-2D25-4C3B-A8FD-22F4BC54966B}.Cross-TS|Any CPU.ActiveCfg = Release|Any CPU
		{A5B03C42-2D25-4C3B-A8FD-22F4BC54966B}.Cross-TS|Any CPU.Build.0 = Release|Any CPU
		{A5B03C42-2D25-4C3B-A8FD-22F4BC54966B}.Cross-TS|x64.ActiveCfg = Release|x64
		{A5B03C42-2D25-4C3B-A8FD-22F4BC54966B}.Cross-TS|x64.Build.0 = Release|x64
		{A5B03C42-2D25-4C3B-A8FD-22F4BC54966B}.Cross-TS|x86.ActiveCfg = Release|x86
		{A5B03C42-2D25-4C3B-A8FD-22F4BC54966B}.Cross-TS|x86.Build.0 = Release|x86
		{A5B03C42-2D25-4C3B-A8FD-22F4BC54966B}.Debug|Any CPU.ActiveCfg = Debug|Any CPU
		{A5B03C42-2D25-4C3B-A8FD-22F4BC54966B}.Debug|Any CPU.Build.0 = Debug|Any CPU
		{A5B03C42-2D25-4C3B-A8FD-22F4BC54966B}.Debug|x64.ActiveCfg = Debug|Any CPU
		{A5B03C42-2D25-4C3B-A8FD-22F4BC54966B}.Debug|x64.Build.0 = Debug|Any CPU
		{A5B03C42-2D25-4C3B-A8FD-22F4BC54966B}.Debug|x86.ActiveCfg = Debug|x86
		{A5B03C42-2D25-4C3B-A8FD-22F4BC54966B}.Debug|x86.Build.0 = Debug|x86
		{A5B03C42-2D25-4C3B-A8FD-22F4BC54966B}.Documentation|Any CPU.ActiveCfg = Debug|Any CPU
		{A5B03C42-2D25-4C3B-A8FD-22F4BC54966B}.Documentation|Any CPU.Build.0 = Debug|Any CPU
		{A5B03C42-2D25-4C3B-A8FD-22F4BC54966B}.Documentation|x64.ActiveCfg = Debug|x64
		{A5B03C42-2D25-4C3B-A8FD-22F4BC54966B}.Documentation|x64.Build.0 = Debug|x64
		{A5B03C42-2D25-4C3B-A8FD-22F4BC54966B}.Documentation|x86.ActiveCfg = Debug|x86
		{A5B03C42-2D25-4C3B-A8FD-22F4BC54966B}.Documentation|x86.Build.0 = Debug|x86
		{A5B03C42-2D25-4C3B-A8FD-22F4BC54966B}.iOS_Tests|Any CPU.ActiveCfg = Release|Any CPU
		{A5B03C42-2D25-4C3B-A8FD-22F4BC54966B}.iOS_Tests|Any CPU.Build.0 = Release|Any CPU
		{A5B03C42-2D25-4C3B-A8FD-22F4BC54966B}.iOS_Tests|x64.ActiveCfg = Release|x64
		{A5B03C42-2D25-4C3B-A8FD-22F4BC54966B}.iOS_Tests|x64.Build.0 = Release|x64
		{A5B03C42-2D25-4C3B-A8FD-22F4BC54966B}.iOS_Tests|x86.ActiveCfg = Release|x86
		{A5B03C42-2D25-4C3B-A8FD-22F4BC54966B}.iOS_Tests|x86.Build.0 = Release|x86
		{A5B03C42-2D25-4C3B-A8FD-22F4BC54966B}.Release|Any CPU.ActiveCfg = Release|Any CPU
		{A5B03C42-2D25-4C3B-A8FD-22F4BC54966B}.Release|Any CPU.Build.0 = Release|Any CPU
		{A5B03C42-2D25-4C3B-A8FD-22F4BC54966B}.Release|x64.ActiveCfg = Release|x64
		{A5B03C42-2D25-4C3B-A8FD-22F4BC54966B}.Release|x64.Build.0 = Release|x64
		{A5B03C42-2D25-4C3B-A8FD-22F4BC54966B}.Release|x86.ActiveCfg = Release|x86
		{A5B03C42-2D25-4C3B-A8FD-22F4BC54966B}.Release|x86.Build.0 = Release|x86
	EndGlobalSection
	GlobalSection(SolutionProperties) = preSolution
		HideSolutionNode = FALSE
	EndGlobalSection
	GlobalSection(NestedProjects) = preSolution
		{678738DA-F723-4920-B9E5-CAD667104BDA} = {1B128494-237C-4F44-B49C-9D9F04A3F3B6}
		{D2382D2C-6576-4D96-B6CD-057C4F6BED96} = {06DB014B-B5B7-46E4-99EB-78C4A21F4E0D}
		{2CE5502D-8710-4BE3-9D90-201D526904B3} = {BE944184-4A3B-4D07-8915-8DA16A09E4DC}
		{DEB5F360-2822-4852-95A3-964E37C802AF} = {87CA52C3-EF81-47D0-9175-7E312357EA4F}
		{A5B03C42-2D25-4C3B-A8FD-22F4BC54966B} = {DAAE179F-9A06-4B32-9926-CD96AEFACB60}
	EndGlobalSection
EndGlobal
