
Microsoft Visual Studio Solution File, Format Version 12.00
# Visual Studio 14
VisualStudioVersion = 14.0.24720.0
MinimumVisualStudioVersion = 10.0.40219.1
Project("{FAE04EC0-301F-11D3-BF4B-00C04F79EFBC}") = "dotnet-runtime", "dotnet-runtime\dotnet-runtime.csproj", "{1639C88D-FA16-4A96-B566-9972C96DBE54}"
EndProject
Project("{2150E333-8FDC-42A3-9474-1A3956D46DE8}") = "Perspex", "Perspex", "{38FD2E23-DE51-41AB-8DD6-65995FBD1C9C}"
EndProject
Project("{2150E333-8FDC-42A3-9474-1A3956D46DE8}") = "Jint", "Jint", "{1B128494-237C-4F44-B49C-9D9F04A3F3B6}"
EndProject
Project("{FAE04EC0-301F-11D3-BF4B-00C04F79EFBC}") = "Jint", "..\jint\Jint\Jint.csproj", "{678738DA-F723-4920-B9E5-CAD667104BDA}"
EndProject
Project("{2150E333-8FDC-42A3-9474-1A3956D46DE8}") = "Solution Items", "Solution Items", "{6ED5142A-B9E1-4A1F-868A-03DF82ABA0C7}"
	ProjectSection(SolutionItems) = preProject
		README.md = README.md
	EndProjectSection
EndProject
Project("{2150E333-8FDC-42A3-9474-1A3956D46DE8}") = "NativeScript", "NativeScript", "{2C397BD3-B9E5-40E8-A4C2-DCE43957BF2E}"
EndProject
Project("{FAE04EC0-301F-11D3-BF4B-00C04F79EFBC}") = "wpf-runtime", "wpf-runtime\wpf-runtime.csproj", "{CF09614C-C865-40F2-98F3-AFC645FF7D83}"
EndProject
Global
	GlobalSection(SolutionConfigurationPlatforms) = preSolution
		Android_Tests|Any CPU = Android_Tests|Any CPU
		Cross|Any CPU = Cross|Any CPU
		Cross-TS|Any CPU = Cross-TS|Any CPU
		Debug|Any CPU = Debug|Any CPU
		Documentation|Any CPU = Documentation|Any CPU
		iOS_Tests|Any CPU = iOS_Tests|Any CPU
		Release|Any CPU = Release|Any CPU
	EndGlobalSection
	GlobalSection(ProjectConfigurationPlatforms) = postSolution
		{1639C88D-FA16-4A96-B566-9972C96DBE54}.Android_Tests|Any CPU.ActiveCfg = Release|Any CPU
		{1639C88D-FA16-4A96-B566-9972C96DBE54}.Android_Tests|Any CPU.Build.0 = Release|Any CPU
		{1639C88D-FA16-4A96-B566-9972C96DBE54}.Cross|Any CPU.ActiveCfg = Release|Any CPU
		{1639C88D-FA16-4A96-B566-9972C96DBE54}.Cross|Any CPU.Build.0 = Release|Any CPU
		{1639C88D-FA16-4A96-B566-9972C96DBE54}.Cross-TS|Any CPU.ActiveCfg = Release|Any CPU
		{1639C88D-FA16-4A96-B566-9972C96DBE54}.Cross-TS|Any CPU.Build.0 = Release|Any CPU
		{1639C88D-FA16-4A96-B566-9972C96DBE54}.Debug|Any CPU.ActiveCfg = Debug|Any CPU
		{1639C88D-FA16-4A96-B566-9972C96DBE54}.Debug|Any CPU.Build.0 = Debug|Any CPU
		{1639C88D-FA16-4A96-B566-9972C96DBE54}.Documentation|Any CPU.ActiveCfg = Debug|Any CPU
		{1639C88D-FA16-4A96-B566-9972C96DBE54}.Documentation|Any CPU.Build.0 = Debug|Any CPU
		{1639C88D-FA16-4A96-B566-9972C96DBE54}.iOS_Tests|Any CPU.ActiveCfg = Release|Any CPU
		{1639C88D-FA16-4A96-B566-9972C96DBE54}.iOS_Tests|Any CPU.Build.0 = Release|Any CPU
		{1639C88D-FA16-4A96-B566-9972C96DBE54}.Release|Any CPU.ActiveCfg = Release|Any CPU
		{1639C88D-FA16-4A96-B566-9972C96DBE54}.Release|Any CPU.Build.0 = Release|Any CPU
		{678738DA-F723-4920-B9E5-CAD667104BDA}.Android_Tests|Any CPU.ActiveCfg = Release|Any CPU
		{678738DA-F723-4920-B9E5-CAD667104BDA}.Android_Tests|Any CPU.Build.0 = Release|Any CPU
		{678738DA-F723-4920-B9E5-CAD667104BDA}.Cross|Any CPU.ActiveCfg = Release|Any CPU
		{678738DA-F723-4920-B9E5-CAD667104BDA}.Cross|Any CPU.Build.0 = Release|Any CPU
		{678738DA-F723-4920-B9E5-CAD667104BDA}.Cross-TS|Any CPU.ActiveCfg = Release|Any CPU
		{678738DA-F723-4920-B9E5-CAD667104BDA}.Cross-TS|Any CPU.Build.0 = Release|Any CPU
		{678738DA-F723-4920-B9E5-CAD667104BDA}.Debug|Any CPU.ActiveCfg = Debug|Any CPU
		{678738DA-F723-4920-B9E5-CAD667104BDA}.Debug|Any CPU.Build.0 = Debug|Any CPU
		{678738DA-F723-4920-B9E5-CAD667104BDA}.Documentation|Any CPU.ActiveCfg = Debug|Any CPU
		{678738DA-F723-4920-B9E5-CAD667104BDA}.Documentation|Any CPU.Build.0 = Debug|Any CPU
		{678738DA-F723-4920-B9E5-CAD667104BDA}.iOS_Tests|Any CPU.ActiveCfg = Release|Any CPU
		{678738DA-F723-4920-B9E5-CAD667104BDA}.iOS_Tests|Any CPU.Build.0 = Release|Any CPU
		{678738DA-F723-4920-B9E5-CAD667104BDA}.Release|Any CPU.ActiveCfg = Release|Any CPU
		{678738DA-F723-4920-B9E5-CAD667104BDA}.Release|Any CPU.Build.0 = Release|Any CPU
		{CF09614C-C865-40F2-98F3-AFC645FF7D83}.Android_Tests|Any CPU.ActiveCfg = Release|Any CPU
		{CF09614C-C865-40F2-98F3-AFC645FF7D83}.Android_Tests|Any CPU.Build.0 = Release|Any CPU
		{CF09614C-C865-40F2-98F3-AFC645FF7D83}.Cross|Any CPU.ActiveCfg = Release|Any CPU
		{CF09614C-C865-40F2-98F3-AFC645FF7D83}.Cross|Any CPU.Build.0 = Release|Any CPU
		{CF09614C-C865-40F2-98F3-AFC645FF7D83}.Cross-TS|Any CPU.ActiveCfg = Release|Any CPU
		{CF09614C-C865-40F2-98F3-AFC645FF7D83}.Cross-TS|Any CPU.Build.0 = Release|Any CPU
		{CF09614C-C865-40F2-98F3-AFC645FF7D83}.Debug|Any CPU.ActiveCfg = Debug|Any CPU
		{CF09614C-C865-40F2-98F3-AFC645FF7D83}.Debug|Any CPU.Build.0 = Debug|Any CPU
		{CF09614C-C865-40F2-98F3-AFC645FF7D83}.Documentation|Any CPU.ActiveCfg = Debug|Any CPU
		{CF09614C-C865-40F2-98F3-AFC645FF7D83}.Documentation|Any CPU.Build.0 = Debug|Any CPU
		{CF09614C-C865-40F2-98F3-AFC645FF7D83}.iOS_Tests|Any CPU.ActiveCfg = Release|Any CPU
		{CF09614C-C865-40F2-98F3-AFC645FF7D83}.iOS_Tests|Any CPU.Build.0 = Release|Any CPU
		{CF09614C-C865-40F2-98F3-AFC645FF7D83}.Release|Any CPU.ActiveCfg = Release|Any CPU
		{CF09614C-C865-40F2-98F3-AFC645FF7D83}.Release|Any CPU.Build.0 = Release|Any CPU
	EndGlobalSection
	GlobalSection(SolutionProperties) = preSolution
		HideSolutionNode = FALSE
	EndGlobalSection
	GlobalSection(NestedProjects) = preSolution
		{678738DA-F723-4920-B9E5-CAD667104BDA} = {1B128494-237C-4F44-B49C-9D9F04A3F3B6}
	EndGlobalSection
EndGlobal
