
Microsoft Visual Studio Solution File, Format Version 12.00
# Visual Studio 14
VisualStudioVersion = 14.0.24720.0
MinimumVisualStudioVersion = 10.0.40219.1
Project("{FAE04EC0-301F-11D3-BF4B-00C04F79EFBC}") = "dotnet-runtime", "dotnet-runtime\dotnet-runtime.csproj", "{1639C88D-FA16-4A96-B566-9972C96DBE54}"
EndProject
Project("{2150E333-8FDC-42A3-9474-1A3956D46DE8}") = "Perspex", "Perspex", "{38FD2E23-DE51-41AB-8DD6-65995FBD1C9C}"
EndProject
Project("{2150E333-8FDC-42A3-9474-1A3956D46DE8}") = "Jint", "Jint", "{1B128494-237C-4F44-B49C-9D9F04A3F3B6}"
EndProject
Global
	GlobalSection(SolutionConfigurationPlatforms) = preSolution
		Debug|Any CPU = Debug|Any CPU
		Release|Any CPU = Release|Any CPU
	EndGlobalSection
	GlobalSection(ProjectConfigurationPlatforms) = postSolution
		{1639C88D-FA16-4A96-B566-9972C96DBE54}.Debug|Any CPU.ActiveCfg = Debug|Any CPU
		{1639C88D-FA16-4A96-B566-9972C96DBE54}.Debug|Any CPU.Build.0 = Debug|Any CPU
		{1639C88D-FA16-4A96-B566-9972C96DBE54}.Release|Any CPU.ActiveCfg = Release|Any CPU
		{1639C88D-FA16-4A96-B566-9972C96DBE54}.Release|Any CPU.Build.0 = Release|Any CPU
	EndGlobalSection
	GlobalSection(SolutionProperties) = preSolution
		HideSolutionNode = FALSE
	EndGlobalSection
EndGlobal
